
Microsoft Visual Studio Solution File, Format Version 12.00
# Visual Studio Version 17
VisualStudioVersion = 17.9.34607.119
MinimumVisualStudioVersion = 10.0.40219.1
Project("{FAE04EC0-301F-11D3-BF4B-00C04F79EFBC}") = "WebApp3", "WebApp3\WebApp3.csproj", "{D18CE165-1CD0-4E4D-B8E0-44A19A3C9B90}"
EndProject
Global
	GlobalSection(SolutionConfigurationPlatforms) = preSolution
		Debug|Any CPU = Debug|Any CPU
		Release|Any CPU = Release|Any CPU
	EndGlobalSection
	GlobalSection(ProjectConfigurationPlatforms) = postSolution
		{D18CE165-1CD0-4E4D-B8E0-44A19A3C9B90}.Debug|Any CPU.ActiveCfg = Debug|Any CPU
		{D18CE165-1CD0-4E4D-B8E0-44A19A3C9B90}.Debug|Any CPU.Build.0 = Debug|Any CPU
		{D18CE165-1CD0-4E4D-B8E0-44A19A3C9B90}.Release|Any CPU.ActiveCfg = Release|Any CPU
		{D18CE165-1CD0-4E4D-B8E0-44A19A3C9B90}.Release|Any CPU.Build.0 = Release|Any CPU
	EndGlobalSection
	GlobalSection(SolutionProperties) = preSolution
		HideSolutionNode = FALSE
	EndGlobalSection
	GlobalSection(ExtensibilityGlobals) = postSolution
		SolutionGuid = {A19A54A4-E0D8-4985-B910-59AE4A847CCB}
	EndGlobalSection
EndGlobal
